
Microsoft Visual Studio Solution File, Format Version 12.00
# Visual Studio Version 17
VisualStudioVersion = 17.14.36414.22 d17.14
MinimumVisualStudioVersion = 10.0.40219.1
Project("{FAE04EC0-301F-11D3-BF4B-00C04F79EFBC}") = "PetShop", "PetShop.csproj", "{BCD1BFFC-B46A-4362-ACE8-DCD5070B57B9}"
EndProject
Global
	GlobalSection(SolutionConfigurationPlatforms) = preSolution
		Debug|Any CPU = Debug|Any CPU
		Release|Any CPU = Release|Any CPU
	EndGlobalSection
	GlobalSection(ProjectConfigurationPlatforms) = postSolution
		{BCD1BFFC-B46A-4362-ACE8-DCD5070B57B9}.Debug|Any CPU.ActiveCfg = Debug|Any CPU
		{BCD1BFFC-B46A-4362-ACE8-DCD5070B57B9}.Debug|Any CPU.Build.0 = Debug|Any CPU
		{BCD1BFFC-B46A-4362-ACE8-DCD5070B57B9}.Release|Any CPU.ActiveCfg = Release|Any CPU
		{BCD1BFFC-B46A-4362-ACE8-DCD5070B57B9}.Release|Any CPU.Build.0 = Release|Any CPU
	EndGlobalSection
	GlobalSection(SolutionProperties) = preSolution
		HideSolutionNode = FALSE
	EndGlobalSection
	GlobalSection(ExtensibilityGlobals) = postSolution
		SolutionGuid = {532834E5-9DBF-4F64-84EE-76D3CD5FAEE6}
	EndGlobalSection
EndGlobal
